
Microsoft Visual Studio Solution File, Format Version 12.00
# Visual Studio Version 17
VisualStudioVersion = 17.14.36511.14 d17.14
MinimumVisualStudioVersion = 10.0.40219.1
Project("{FAE04EC0-301F-11D3-BF4B-00C04F79EFBC}") = "MarvelApp", "MarvelApp\MarvelApp.csproj", "{BFC73860-1C78-45E7-909B-F533A2AA17CA}"
EndProject
Global
	GlobalSection(SolutionConfigurationPlatforms) = preSolution
		Debug|Any CPU = Debug|Any CPU
		Release|Any CPU = Release|Any CPU
	EndGlobalSection
	GlobalSection(ProjectConfigurationPlatforms) = postSolution
		{BFC73860-1C78-45E7-909B-F533A2AA17CA}.Debug|Any CPU.ActiveCfg = Debug|Any CPU
		{BFC73860-1C78-45E7-909B-F533A2AA17CA}.Debug|Any CPU.Build.0 = Debug|Any CPU
		{BFC73860-1C78-45E7-909B-F533A2AA17CA}.Release|Any CPU.ActiveCfg = Release|Any CPU
		{BFC73860-1C78-45E7-909B-F533A2AA17CA}.Release|Any CPU.Build.0 = Release|Any CPU
	EndGlobalSection
	GlobalSection(SolutionProperties) = preSolution
		HideSolutionNode = FALSE
	EndGlobalSection
	GlobalSection(ExtensibilityGlobals) = postSolution
		SolutionGuid = {9716A86D-DA4E-4F8D-A203-8ADB79C158C7}
	EndGlobalSection
EndGlobal
